{
  "lockfileVersion": 1,
  "workspaces": {
    "": {
      "name": "di-framework",
      "devDependencies": {
        "@types/bun": "latest",
        "happy-dom": "^20.0.10",
      },
      "peerDependencies": {
        "typescript": "^5",
      },
    },
    "packages/di-framework": {
      "name": "di-framework",
      "version": "2.0.0",
      "peerDependencies": {
        "typescript": "^5",
      },
    },
    "packages/examples": {
      "name": "examples",
      "devDependencies": {
        "@types/bun": "latest",
        "di-framework": "workspace:*",
      },
      "peerDependencies": {
        "typescript": "^5",
      },
    },
  },
  "packages": {
    "@types/bun": ["@types/bun@1.3.2", "", { "dependencies": { "bun-types": "1.3.2" } }, "sha512-t15P7k5UIgHKkxwnMNkJbWlh/617rkDGEdSsDbu+qNHTaz9SKf7aC8fiIlUdD5RPpH6GEkP0cK7WlvmrEBRtWg=="],

    "@types/node": ["@types/node@20.19.24", "", { "dependencies": { "undici-types": "~6.21.0" } }, "sha512-FE5u0ezmi6y9OZEzlJfg37mqqf6ZDSF2V/NLjUyGrR9uTZ7Sb9F7bLNZ03S4XVUNRWGA7Ck4c1kK+YnuWjl+DA=="],

    "@types/react": ["@types/react@19.2.2", "", { "dependencies": { "csstype": "^3.0.2" } }, "sha512-6mDvHUFSjyT2B2yeNx2nUgMxh9LtOWvkhIU3uePn2I2oyNymUAX1NIsdgviM4CH+JSrp2D2hsMvJOkxY+0wNRA=="],

    "@types/whatwg-mimetype": ["@types/whatwg-mimetype@3.0.2", "", {}, "sha512-c2AKvDT8ToxLIOUlN51gTiHXflsfIFisS4pO7pDPoKouJCESkhZnEy623gwP9laCy5lnLDAw1vAzu2vM2YLOrA=="],

    "bun-types": ["bun-types@1.3.2", "", { "dependencies": { "@types/node": "*" }, "peerDependencies": { "@types/react": "^19" } }, "sha512-i/Gln4tbzKNuxP70OWhJRZz1MRfvqExowP7U6JKoI8cntFrtxg7RJK3jvz7wQW54UuvNC8tbKHHri5fy74FVqg=="],

    "csstype": ["csstype@3.1.3", "", {}, "sha512-M1uQkMl8rQK/szD0LNhtqxIPLpimGm8sOBwU7lLnCpSbTyY3yeU1Vc7l4KT5zT4s/yOxHH5O7tIuuLOCnLADRw=="],

    "di-framework": ["di-framework@workspace:packages/di-framework"],

    "examples": ["examples@workspace:packages/examples"],

    "happy-dom": ["happy-dom@20.0.10", "", { "dependencies": { "@types/node": "^20.0.0", "@types/whatwg-mimetype": "^3.0.2", "whatwg-mimetype": "^3.0.0" } }, "sha512-6umCCHcjQrhP5oXhrHQQvLB0bwb1UzHAHdsXy+FjtKoYjUhmNZsQL8NivwM1vDvNEChJabVrUYxUnp/ZdYmy2g=="],

    "typescript": ["typescript@5.9.3", "", { "bin": { "tsc": "bin/tsc", "tsserver": "bin/tsserver" } }, "sha512-jl1vZzPDinLr9eUt3J/t7V6FgNEw9QjvBPdysz9KfQDD41fQrC2Y4vKQdiaUpFT4bXlb1RHhLpp8wtm6M5TgSw=="],

    "undici-types": ["undici-types@6.21.0", "", {}, "sha512-iwDZqg0QAGrg9Rav5H4n0M64c3mkR59cJ6wQp+7C4nI0gsmExaedaYLNO44eT4AtBBwjbTiGPMlt2Md0T9H9JQ=="],

    "whatwg-mimetype": ["whatwg-mimetype@3.0.0", "", {}, "sha512-nt+N2dzIutVRxARx1nghPKGv1xHikU7HKdfafKkLNLindmPU/ch3U31NOCGGA/dmPcmb1VlofO0vnKAcsm0o/Q=="],

    "bun-types/@types/node": ["@types/node@24.10.0", "", { "dependencies": { "undici-types": "~7.16.0" } }, "sha512-qzQZRBqkFsYyaSWXuEHc2WR9c0a0CXwiE5FWUvn7ZM+vdy1uZLfCunD38UzhuB7YN/J11ndbDBcTmOdxJo9Q7A=="],

    "bun-types/@types/node/undici-types": ["undici-types@7.16.0", "", {}, "sha512-Zz+aZWSj8LE6zoxD+xrjh4VfkIG8Ya6LvYkZqtUQGJPZjYl53ypCaUwWqo7eI0x66KBGeRo+mlBEkMSeSZ38Nw=="],
  }
}
